
Microsoft Visual Studio Solution File, Format Version 12.00
# Visual Studio Version 17
VisualStudioVersion = 17.0.32014.148
MinimumVisualStudioVersion = 10.0.40219.1
Project("{9A19103F-16F7-4668-BE54-9A1E7A4F7556}") = "ASP.NET Core Razor", "ASP.NET Core Razor\ASP.NET Core Razor.csproj", "{C059C480-DE72-4007-BA17-07FC0D68EF83}"
EndProject
Global
	GlobalSection(SolutionConfigurationPlatforms) = preSolution
		Debug|Any CPU = Debug|Any CPU
		Release|Any CPU = Release|Any CPU
	EndGlobalSection
	GlobalSection(ProjectConfigurationPlatforms) = postSolution
		{C059C480-DE72-4007-BA17-07FC0D68EF83}.Debug|Any CPU.ActiveCfg = Debug|Any CPU
		{C059C480-DE72-4007-BA17-07FC0D68EF83}.Debug|Any CPU.Build.0 = Debug|Any CPU
		{C059C480-DE72-4007-BA17-07FC0D68EF83}.Release|Any CPU.ActiveCfg = Release|Any CPU
		{C059C480-DE72-4007-BA17-07FC0D68EF83}.Release|Any CPU.Build.0 = Release|Any CPU
	EndGlobalSection
	GlobalSection(SolutionProperties) = preSolution
		HideSolutionNode = FALSE
	EndGlobalSection
	GlobalSection(ExtensibilityGlobals) = postSolution
		SolutionGuid = {CF46EC72-8C94-4005-AF77-F7DD9D168297}
	EndGlobalSection
EndGlobal
